
Microsoft Visual Studio Solution File, Format Version 12.00
# Visual Studio Version 16
VisualStudioVersion = 16.0.34031.81
MinimumVisualStudioVersion = 10.0.40219.1
Project("{FAE04EC0-301F-11D3-BF4B-00C04F79EFBC}") = "Day 1", "AOC\Day 1.csproj", "{D2385C9A-8C61-4C18-AC90-4D8D0A75F22B}"
EndProject
Project("{FAE04EC0-301F-11D3-BF4B-00C04F79EFBC}") = "Day 2", "Day 2\Day 2.csproj", "{53A4FE52-15B8-441C-B997-F54272111914}"
EndProject
Global
	GlobalSection(SolutionConfigurationPlatforms) = preSolution
		Debug|Any CPU = Debug|Any CPU
		Release|Any CPU = Release|Any CPU
	EndGlobalSection
	GlobalSection(ProjectConfigurationPlatforms) = postSolution
		{D2385C9A-8C61-4C18-AC90-4D8D0A75F22B}.Debug|Any CPU.ActiveCfg = Debug|Any CPU
		{D2385C9A-8C61-4C18-AC90-4D8D0A75F22B}.Debug|Any CPU.Build.0 = Debug|Any CPU
		{D2385C9A-8C61-4C18-AC90-4D8D0A75F22B}.Release|Any CPU.ActiveCfg = Release|Any CPU
		{D2385C9A-8C61-4C18-AC90-4D8D0A75F22B}.Release|Any CPU.Build.0 = Release|Any CPU
		{53A4FE52-15B8-441C-B997-F54272111914}.Debug|Any CPU.ActiveCfg = Debug|Any CPU
		{53A4FE52-15B8-441C-B997-F54272111914}.Debug|Any CPU.Build.0 = Debug|Any CPU
		{53A4FE52-15B8-441C-B997-F54272111914}.Release|Any CPU.ActiveCfg = Release|Any CPU
		{53A4FE52-15B8-441C-B997-F54272111914}.Release|Any CPU.Build.0 = Release|Any CPU
	EndGlobalSection
	GlobalSection(SolutionProperties) = preSolution
		HideSolutionNode = FALSE
	EndGlobalSection
	GlobalSection(ExtensibilityGlobals) = postSolution
		SolutionGuid = {08381F2B-C62D-4444-80CE-25B7DCBF3D30}
	EndGlobalSection
EndGlobal
